
Microsoft Visual Studio Solution File, Format Version 12.00
# Visual Studio Version 16
VisualStudioVersion = 16.0.31515.178
MinimumVisualStudioVersion = 10.0.40219.1
Project("{FAE04EC0-301F-11D3-BF4B-00C04F79EFBC}") = "CampaignMgmt", "CampaignMgmt.csproj", "{722C8A9B-EF5F-40F8-AED5-EEDB0DAC9FBA}"
EndProject
Global
	GlobalSection(SolutionConfigurationPlatforms) = preSolution
		Debug|Any CPU = Debug|Any CPU
		Release|Any CPU = Release|Any CPU
	EndGlobalSection
	GlobalSection(ProjectConfigurationPlatforms) = postSolution
		{722C8A9B-EF5F-40F8-AED5-EEDB0DAC9FBA}.Debug|Any CPU.ActiveCfg = Debug|Any CPU
		{722C8A9B-EF5F-40F8-AED5-EEDB0DAC9FBA}.Debug|Any CPU.Build.0 = Debug|Any CPU
		{722C8A9B-EF5F-40F8-AED5-EEDB0DAC9FBA}.Release|Any CPU.ActiveCfg = Release|Any CPU
		{722C8A9B-EF5F-40F8-AED5-EEDB0DAC9FBA}.Release|Any CPU.Build.0 = Release|Any CPU
	EndGlobalSection
	GlobalSection(SolutionProperties) = preSolution
		HideSolutionNode = FALSE
	EndGlobalSection
	GlobalSection(ExtensibilityGlobals) = postSolution
		SolutionGuid = {B903A573-FB5B-4284-8C0C-5E0EE2473A30}
	EndGlobalSection
EndGlobal
